{
  "name": "Vue-reflection",
  "lockfileVersion": 2,
  "requires": true,
  "packages": {
    "": {
      "dependencies": {
        "vue-modal-dialogs": "^3.0.0"
      }
    },
    "node_modules/vue-modal-dialogs": {
      "version": "3.0.0",
      "resolved": "https://registry.npmjs.org/vue-modal-dialogs/-/vue-modal-dialogs-3.0.0.tgz",
      "integrity": "sha512-52x3DR3mfDLV0yubhoyiXuljRVNpu5EjHAWoKXPIqpVNx3E8DEs4mbXmDYP6xPIlIYfFiYN2aAlEhoMgXkjrBg=="
    }
  },
  "dependencies": {
    "vue-modal-dialogs": {
      "version": "3.0.0",
      "resolved": "https://registry.npmjs.org/vue-modal-dialogs/-/vue-modal-dialogs-3.0.0.tgz",
      "integrity": "sha512-52x3DR3mfDLV0yubhoyiXuljRVNpu5EjHAWoKXPIqpVNx3E8DEs4mbXmDYP6xPIlIYfFiYN2aAlEhoMgXkjrBg=="
    }
  }
}
